// !$*UTF8*$!
{
	archiveVersion = 1;
	classes = {
	};
	objectVersion = 50;
	objects = {

/* Begin PBXBuildFile section */
		45580A6A237B6126004A0C34 /* main.cpp in Sources */ = {isa = PBXBuildFile; fileRef = 45580A69237B6126004A0C34 /* main.cpp */; };
/* End PBXBuildFile section */

/* Begin PBXCopyFilesBuildPhase section */
		45580A64237B6126004A0C34 /* CopyFiles */ = {
			isa = PBXCopyFilesBuildPhase;
			buildActionMask = 2147483647;
			dstPath = /usr/share/man/man1/;
			dstSubfolderSpec = 0;
			files = (
			);
			runOnlyForDeploymentPostprocessing = 1;
		};
/* End PBXCopyFilesBuildPhase section */

/* Begin PBXFileReference section */
		45231B51237E07CF0027926D /* Graph.h */ = {isa = PBXFileReference; lastKnownFileType = sourcecode.c.h; path = Graph.h; sourceTree = "<group>"; };
		45231B52237E458F0027926D /* 1995 */ = {isa = PBXFileReference; lastKnownFileType = folder; path = 1995; sourceTree = "<group>"; };
		45231B53237E458F0027926D /* 2000 */ = {isa = PBXFileReference; lastKnownFileType = folder; path = 2000; sourceTree = "<group>"; };
		45231B54237E458F0027926D /* 1997 */ = {isa = PBXFileReference; lastKnownFileType = folder; path = 1997; sourceTree = "<group>"; };
		45231B55237E458F0027926D /* 1992 */ = {isa = PBXFileReference; lastKnownFileType = folder; path = 1992; sourceTree = "<group>"; };
		45231B56237E45900027926D /* 2005 */ = {isa = PBXFileReference; lastKnownFileType = folder; path = 2005; sourceTree = "<group>"; };
		45231B57237E45900027926D /* 1993 */ = {isa = PBXFileReference; lastKnownFileType = folder; path = 1993; sourceTree = "<group>"; };
		45231B58237E45900027926D /* 1996 */ = {isa = PBXFileReference; lastKnownFileType = folder; path = 1996; sourceTree = "<group>"; };
		45231B59237E45910027926D /* 1999 */ = {isa = PBXFileReference; lastKnownFileType = folder; path = 1999; sourceTree = "<group>"; };
		45231B5A237E45910027926D /* 1990 */ = {isa = PBXFileReference; lastKnownFileType = folder; path = 1990; sourceTree = "<group>"; };
		45231B5B237E45920027926D /* 2004 */ = {isa = PBXFileReference; lastKnownFileType = folder; path = 2004; sourceTree = "<group>"; };
		45231B5C237E45920027926D /* 2002 */ = {isa = PBXFileReference; lastKnownFileType = folder; path = 2002; sourceTree = "<group>"; };
		45231B5D237E45920027926D /* 2001 */ = {isa = PBXFileReference; lastKnownFileType = folder; path = 2001; sourceTree = "<group>"; };
		45231B5E237E45930027926D /* 1991 */ = {isa = PBXFileReference; lastKnownFileType = folder; path = 1991; sourceTree = "<group>"; };
		45231B5F237E45930027926D /* 2003 */ = {isa = PBXFileReference; lastKnownFileType = folder; path = 2003; sourceTree = "<group>"; };
		45231B60237E45940027926D /* 1998 */ = {isa = PBXFileReference; lastKnownFileType = folder; path = 1998; sourceTree = "<group>"; };
		45231B61237E45940027926D /* 1994 */ = {isa = PBXFileReference; lastKnownFileType = folder; path = 1994; sourceTree = "<group>"; };
		45580A66237B6126004A0C34 /* Project3 */ = {isa = PBXFileReference; explicitFileType = "compiled.mach-o.executable"; includeInIndex = 0; path = Project3; sourceTree = BUILT_PRODUCTS_DIR; };
		45580A69237B6126004A0C34 /* main.cpp */ = {isa = PBXFileReference; lastKnownFileType = sourcecode.cpp.cpp; path = main.cpp; sourceTree = "<group>"; };
/* End PBXFileReference section */

/* Begin PBXFrameworksBuildPhase section */
		45580A63237B6126004A0C34 /* Frameworks */ = {
			isa = PBXFrameworksBuildPhase;
			buildActionMask = 2147483647;
			files = (
			);
			runOnlyForDeploymentPostprocessing = 0;
		};
/* End PBXFrameworksBuildPhase section */

/* Begin PBXGroup section */
		45580A5D237B6125004A0C34 = {
			isa = PBXGroup;
			children = (
				45580A68237B6126004A0C34 /* Project3 */,
				45580A67237B6126004A0C34 /* Products */,
			);
			sourceTree = "<group>";
		};
		45580A67237B6126004A0C34 /* Products */ = {
			isa = PBXGroup;
			children = (
				45580A66237B6126004A0C34 /* Project3 */,
			);
			name = Products;
			sourceTree = "<group>";
		};
		45580A68237B6126004A0C34 /* Project3 */ = {
			isa = PBXGroup;
			children = (
				45580A69237B6126004A0C34 /* main.cpp */,
				45231B51237E07CF0027926D /* Graph.h */,
				45231B5A237E45910027926D /* 1990 */,
				45231B5E237E45930027926D /* 1991 */,
				45231B55237E458F0027926D /* 1992 */,
				45231B57237E45900027926D /* 1993 */,
				45231B61237E45940027926D /* 1994 */,
				45231B52237E458F0027926D /* 1995 */,
				45231B58237E45900027926D /* 1996 */,
				45231B54237E458F0027926D /* 1997 */,
				45231B60237E45940027926D /* 1998 */,
				45231B59237E45910027926D /* 1999 */,
				45231B53237E458F0027926D /* 2000 */,
				45231B5D237E45920027926D /* 2001 */,
				45231B5C237E45920027926D /* 2002 */,
				45231B5F237E45930027926D /* 2003 */,
				45231B5B237E45920027926D /* 2004 */,
				45231B56237E45900027926D /* 2005 */,
			);
			path = Project3;
			sourceTree = "<group>";
		};
/* End PBXGroup section */

/* Begin PBXNativeTarget section */
		45580A65237B6126004A0C34 /* Project3 */ = {
			isa = PBXNativeTarget;
			buildConfigurationList = 45580A6D237B6126004A0C34 /* Build configuration list for PBXNativeTarget "Project3" */;
			buildPhases = (
				45580A62237B6126004A0C34 /* Sources */,
				45580A63237B6126004A0C34 /* Frameworks */,
				45580A64237B6126004A0C34 /* CopyFiles */,
			);
			buildRules = (
			);
			dependencies = (
			);
			name = Project3;
			productName = Project3;
			productReference = 45580A66237B6126004A0C34 /* Project3 */;
			productType = "com.apple.product-type.tool";
		};
/* End PBXNativeTarget section */

/* Begin PBXProject section */
		45580A5E237B6125004A0C34 /* Project object */ = {
			isa = PBXProject;
			attributes = {
				LastUpgradeCheck = 1000;
				ORGANIZATIONNAME = ASU;
				TargetAttributes = {
					45580A65237B6126004A0C34 = {
						CreatedOnToolsVersion = 10.0;
					};
				};
			};
			buildConfigurationList = 45580A61237B6125004A0C34 /* Build configuration list for PBXProject "Project3" */;
			compatibilityVersion = "Xcode 9.3";
			developmentRegion = en;
			hasScannedForEncodings = 0;
			knownRegions = (
				en,
			);
			mainGroup = 45580A5D237B6125004A0C34;
			productRefGroup = 45580A67237B6126004A0C34 /* Products */;
			projectDirPath = "";
			projectRoot = "";
			targets = (
				45580A65237B6126004A0C34 /* Project3 */,
			);
		};
/* End PBXProject section */

/* Begin PBXSourcesBuildPhase section */
		45580A62237B6126004A0C34 /* Sources */ = {
			isa = PBXSourcesBuildPhase;
			buildActionMask = 2147483647;
			files = (
				45580A6A237B6126004A0C34 /* main.cpp in Sources */,
			);
			runOnlyForDeploymentPostprocessing = 0;
		};
/* End PBXSourcesBuildPhase section */

/* Begin XCBuildConfiguration section */
		45580A6B237B6126004A0C34 /* Debug */ = {
			isa = XCBuildConfiguration;
			buildSettings = {
				ALWAYS_SEARCH_USER_PATHS = NO;
				CLANG_ANALYZER_NONNULL = YES;
				CLANG_ANALYZER_NUMBER_OBJECT_CONVERSION = YES_AGGRESSIVE;
				CLANG_CXX_LANGUAGE_STANDARD = "gnu++14";
				CLANG_CXX_LIBRARY = "libc++";
				CLANG_ENABLE_MODULES = YES;
				CLANG_ENABLE_OBJC_ARC = YES;
				CLANG_ENABLE_OBJC_WEAK = YES;
				CLANG_WARN_BLOCK_CAPTURE_AUTORELEASING = YES;
				CLANG_WARN_BOOL_CONVERSION = YES;
				CLANG_WARN_COMMA = YES;
				CLANG_WARN_CONSTANT_CONVERSION = YES;
				CLANG_WARN_DEPRECATED_OBJC_IMPLEMENTATIONS = YES;
				CLANG_WARN_DIRECT_OBJC_ISA_USAGE = YES_ERROR;
				CLANG_WARN_DOCUMENTATION_COMMENTS = YES;
				CLANG_WARN_EMPTY_BODY = YES;
				CLANG_WARN_ENUM_CONVERSION = YES;
				CLANG_WARN_INFINITE_RECURSION = YES;
				CLANG_WARN_INT_CONVERSION = YES;
				CLANG_WARN_NON_LITERAL_NULL_CONVERSION = YES;
				CLANG_WARN_OBJC_IMPLICIT_RETAIN_SELF = YES;
				CLANG_WARN_OBJC_LITERAL_CONVERSION = YES;
				CLANG_WARN_OBJC_ROOT_CLASS = YES_ERROR;
				CLANG_WARN_RANGE_LOOP_ANALYSIS = YES;
				CLANG_WARN_STRICT_PROTOTYPES = YES;
				CLANG_WARN_SUSPICIOUS_MOVE = YES;
				CLANG_WARN_UNGUARDED_AVAILABILITY = YES_AGGRESSIVE;
				CLANG_WARN_UNREACHABLE_CODE = YES;
				CLANG_WARN__DUPLICATE_METHOD_MATCH = YES;
				CODE_SIGN_IDENTITY = "-";
				COPY_PHASE_STRIP = NO;
				DEBUG_INFORMATION_FORMAT = dwarf;
				ENABLE_STRICT_OBJC_MSGSEND = YES;
				ENABLE_TESTABILITY = YES;
				GCC_C_LANGUAGE_STANDARD = gnu11;
				GCC_DYNAMIC_NO_PIC = NO;
				GCC_NO_COMMON_BLOCKS = YES;
				GCC_OPTIMIZATION_LEVEL = 0;
				GCC_PREPROCESSOR_DEFINITIONS = (
					"DEBUG=1",
					"$(inherited)",
				);
				GCC_WARN_64_TO_32_BIT_CONVERSION = YES;
				GCC_WARN_ABOUT_RETURN_TYPE = YES_ERROR;
				GCC_WARN_UNDECLARED_SELECTOR = YES;
				GCC_WARN_UNINITIALIZED_AUTOS = YES_AGGRESSIVE;
				GCC_WARN_UNUSED_FUNCTION = YES;
				GCC_WARN_UNUSED_VARIABLE = YES;
				MACOSX_DEPLOYMENT_TARGET = 10.14;
				MTL_ENABLE_DEBUG_INFO = INCLUDE_SOURCE;
				MTL_FAST_MATH = YES;
				ONLY_ACTIVE_ARCH = YES;
				SDKROOT = macosx;
			};
			name = Debug;
		};
		45580A6C237B6126004A0C34 /* Release */ = {
			isa = XCBuildConfiguration;
			buildSettings = {
				ALWAYS_SEARCH_USER_PATHS = NO;
				CLANG_ANALYZER_NONNULL = YES;
				CLANG_ANALYZER_NUMBER_OBJECT_CONVERSION = YES_AGGRESSIVE;
				CLANG_CXX_LANGUAGE_STANDARD = "gnu++14";
				CLANG_CXX_LIBRARY = "libc++";
				CLANG_ENABLE_MODULES = YES;
				CLANG_ENABLE_OBJC_ARC = YES;
				CLANG_ENABLE_OBJC_WEAK = YES;
				CLANG_WARN_BLOCK_CAPTURE_AUTORELEASING = YES;
				CLANG_WARN_BOOL_CONVERSION = YES;
				CLANG_WARN_COMMA = YES;
				CLANG_WARN_CONSTANT_CONVERSION = YES;
				CLANG_WARN_DEPRECATED_OBJC_IMPLEMENTATIONS = YES;
				CLANG_WARN_DIRECT_OBJC_ISA_USAGE = YES_ERROR;
				CLANG_WARN_DOCUMENTATION_COMMENTS = YES;
				CLANG_WARN_EMPTY_BODY = YES;
				CLANG_WARN_ENUM_CONVERSION = YES;
				CLANG_WARN_INFINITE_RECURSION = YES;
				CLANG_WARN_INT_CONVERSION = YES;
				CLANG_WARN_NON_LITERAL_NULL_CONVERSION = YES;
				CLANG_WARN_OBJC_IMPLICIT_RETAIN_SELF = YES;
				CLANG_WARN_OBJC_LITERAL_CONVERSION = YES;
				CLANG_WARN_OBJC_ROOT_CLASS = YES_ERROR;
				CLANG_WARN_RANGE_LOOP_ANALYSIS = YES;
				CLANG_WARN_STRICT_PROTOTYPES = YES;
				CLANG_WARN_SUSPICIOUS_MOVE = YES;
				CLANG_WARN_UNGUARDED_AVAILABILITY = YES_AGGRESSIVE;
				CLANG_WARN_UNREACHABLE_CODE = YES;
				CLANG_WARN__DUPLICATE_METHOD_MATCH = YES;
				CODE_SIGN_IDENTITY = "-";
				COPY_PHASE_STRIP = NO;
				DEBUG_INFORMATION_FORMAT = "dwarf-with-dsym";
				ENABLE_NS_ASSERTIONS = NO;
				ENABLE_STRICT_OBJC_MSGSEND = YES;
				GCC_C_LANGUAGE_STANDARD = gnu11;
				GCC_NO_COMMON_BLOCKS = YES;
				GCC_WARN_64_TO_32_BIT_CONVERSION = YES;
				GCC_WARN_ABOUT_RETURN_TYPE = YES_ERROR;
				GCC_WARN_UNDECLARED_SELECTOR = YES;
				GCC_WARN_UNINITIALIZED_AUTOS = YES_AGGRESSIVE;
				GCC_WARN_UNUSED_FUNCTION = YES;
				GCC_WARN_UNUSED_VARIABLE = YES;
				MACOSX_DEPLOYMENT_TARGET = 10.14;
				MTL_ENABLE_DEBUG_INFO = NO;
				MTL_FAST_MATH = YES;
				SDKROOT = macosx;
			};
			name = Release;
		};
		45580A6E237B6126004A0C34 /* Debug */ = {
			isa = XCBuildConfiguration;
			buildSettings = {
				CODE_SIGN_STYLE = Automatic;
				PRODUCT_NAME = "$(TARGET_NAME)";
			};
			name = Debug;
		};
		45580A6F237B6126004A0C34 /* Release */ = {
			isa = XCBuildConfiguration;
			buildSettings = {
				CODE_SIGN_STYLE = Automatic;
				PRODUCT_NAME = "$(TARGET_NAME)";
			};
			name = Release;
		};
/* End XCBuildConfiguration section */

/* Begin XCConfigurationList section */
		45580A61237B6125004A0C34 /* Build configuration list for PBXProject "Project3" */ = {
			isa = XCConfigurationList;
			buildConfigurations = (
				45580A6B237B6126004A0C34 /* Debug */,
				45580A6C237B6126004A0C34 /* Release */,
			);
			defaultConfigurationIsVisible = 0;
			defaultConfigurationName = Release;
		};
		45580A6D237B6126004A0C34 /* Build configuration list for PBXNativeTarget "Project3" */ = {
			isa = XCConfigurationList;
			buildConfigurations = (
				45580A6E237B6126004A0C34 /* Debug */,
				45580A6F237B6126004A0C34 /* Release */,
			);
			defaultConfigurationIsVisible = 0;
			defaultConfigurationName = Release;
		};
/* End XCConfigurationList section */
	};
	rootObject = 45580A5E237B6125004A0C34 /* Project object */;
}
