// !$*UTF8*$!
{
	archiveVersion = 1;
	classes = {
	};
	objectVersion = 50;
	objects = {

/* Begin PBXBuildFile section */
		45E48E2E235902760054997A /* storm.cpp in Sources */ = {isa = PBXBuildFile; fileRef = 45E48E2D235902760054997A /* storm.cpp */; };
/* End PBXBuildFile section */

/* Begin PBXCopyFilesBuildPhase section */
		45E48E28235902760054997A /* CopyFiles */ = {
			isa = PBXCopyFilesBuildPhase;
			buildActionMask = 2147483647;
			dstPath = /usr/share/man/man1/;
			dstSubfolderSpec = 0;
			files = (
			);
			runOnlyForDeploymentPostprocessing = 1;
		};
/* End PBXCopyFilesBuildPhase section */

/* Begin PBXFileReference section */
		456982BB2385CFC9006D8294 /* details-2006.csv */ = {isa = PBXFileReference; lastKnownFileType = text; path = "details-2006.csv"; sourceTree = "<group>"; };
		456982BC2385CFC9006D8294 /* fatalities-2006.csv */ = {isa = PBXFileReference; lastKnownFileType = text; path = "fatalities-2006.csv"; sourceTree = "<group>"; };
		45E48E2A235902760054997A /* Project2 */ = {isa = PBXFileReference; explicitFileType = "compiled.mach-o.executable"; includeInIndex = 0; path = Project2; sourceTree = BUILT_PRODUCTS_DIR; };
		45E48E2D235902760054997A /* storm.cpp */ = {isa = PBXFileReference; lastKnownFileType = sourcecode.cpp.cpp; path = storm.cpp; sourceTree = "<group>"; };
		45E48E34235902D00054997A /* defn.h */ = {isa = PBXFileReference; fileEncoding = 4; lastKnownFileType = sourcecode.c.h; path = defn.h; sourceTree = "<group>"; };
		45E48E372359102D0054997A /* details-1950.csv */ = {isa = PBXFileReference; lastKnownFileType = file; name = "details-1950.csv"; path = "1950-1952/details-1950.csv"; sourceTree = "<group>"; };
		45E48E38235912EA0054997A /* fatalities-1952.csv */ = {isa = PBXFileReference; lastKnownFileType = text; path = "fatalities-1952.csv"; sourceTree = "<group>"; };
		45E48E39235912EA0054997A /* details-1951.csv */ = {isa = PBXFileReference; lastKnownFileType = text; path = "details-1951.csv"; sourceTree = "<group>"; };
		45E48E3A235912EA0054997A /* fatalities-1950.csv */ = {isa = PBXFileReference; lastKnownFileType = text; path = "fatalities-1950.csv"; sourceTree = "<group>"; };
		45E48E3B235912EA0054997A /* details-1952.csv */ = {isa = PBXFileReference; lastKnownFileType = text; path = "details-1952.csv"; sourceTree = "<group>"; };
		45E48E3C235912EA0054997A /* fatalities-1951.csv */ = {isa = PBXFileReference; lastKnownFileType = text; path = "fatalities-1951.csv"; sourceTree = "<group>"; };
		45EE9848236E3C5200EA706E /* fatalities-0001.csv */ = {isa = PBXFileReference; fileEncoding = 4; lastKnownFileType = text; path = "fatalities-0001.csv"; sourceTree = "<group>"; };
		45EE9849236E3C5200EA706E /* fatalities-0002.csv */ = {isa = PBXFileReference; fileEncoding = 4; lastKnownFileType = text; path = "fatalities-0002.csv"; sourceTree = "<group>"; };
		45EE984A236E3C5200EA706E /* details-0002.csv */ = {isa = PBXFileReference; fileEncoding = 4; lastKnownFileType = text; path = "details-0002.csv"; sourceTree = "<group>"; };
		45EE984B236E3C5200EA706E /* details-0001.csv */ = {isa = PBXFileReference; fileEncoding = 4; lastKnownFileType = text; path = "details-0001.csv"; sourceTree = "<group>"; };
		45EE984E236FABA800EA706E /* details-1982.csv */ = {isa = PBXFileReference; fileEncoding = 4; lastKnownFileType = text; path = "details-1982.csv"; sourceTree = "<group>"; };
		45EE984F236FABA800EA706E /* details-1981.csv */ = {isa = PBXFileReference; fileEncoding = 4; lastKnownFileType = text; path = "details-1981.csv"; sourceTree = "<group>"; };
		45EE9850236FABA800EA706E /* fatalities-1982.csv */ = {isa = PBXFileReference; fileEncoding = 4; lastKnownFileType = text; path = "fatalities-1982.csv"; sourceTree = "<group>"; };
		45EE9851236FABA800EA706E /* details-1980.csv */ = {isa = PBXFileReference; fileEncoding = 4; lastKnownFileType = text; path = "details-1980.csv"; sourceTree = "<group>"; };
		45EE9852236FABA800EA706E /* fatalities-1980.csv */ = {isa = PBXFileReference; fileEncoding = 4; lastKnownFileType = text; path = "fatalities-1980.csv"; sourceTree = "<group>"; };
		45EE9853236FABA800EA706E /* fatalities-1981.csv */ = {isa = PBXFileReference; fileEncoding = 4; lastKnownFileType = text; path = "fatalities-1981.csv"; sourceTree = "<group>"; };
/* End PBXFileReference section */

/* Begin PBXFrameworksBuildPhase section */
		45E48E27235902760054997A /* Frameworks */ = {
			isa = PBXFrameworksBuildPhase;
			buildActionMask = 2147483647;
			files = (
			);
			runOnlyForDeploymentPostprocessing = 0;
		};
/* End PBXFrameworksBuildPhase section */

/* Begin PBXGroup section */
		45E48E21235902760054997A = {
			isa = PBXGroup;
			children = (
				45E48E2C235902760054997A /* Project2 */,
				45E48E2B235902760054997A /* Products */,
			);
			sourceTree = "<group>";
		};
		45E48E2B235902760054997A /* Products */ = {
			isa = PBXGroup;
			children = (
				45E48E2A235902760054997A /* Project2 */,
			);
			name = Products;
			sourceTree = "<group>";
		};
		45E48E2C235902760054997A /* Project2 */ = {
			isa = PBXGroup;
			children = (
				45EE9851236FABA800EA706E /* details-1980.csv */,
				45EE984F236FABA800EA706E /* details-1981.csv */,
				45EE984E236FABA800EA706E /* details-1982.csv */,
				45EE9852236FABA800EA706E /* fatalities-1980.csv */,
				45EE9853236FABA800EA706E /* fatalities-1981.csv */,
				45EE9850236FABA800EA706E /* fatalities-1982.csv */,
				45EE984B236E3C5200EA706E /* details-0001.csv */,
				45EE984A236E3C5200EA706E /* details-0002.csv */,
				45EE9848236E3C5200EA706E /* fatalities-0001.csv */,
				45EE9849236E3C5200EA706E /* fatalities-0002.csv */,
				456982BB2385CFC9006D8294 /* details-2006.csv */,
				456982BC2385CFC9006D8294 /* fatalities-2006.csv */,
				45E48E2D235902760054997A /* storm.cpp */,
				45E48E34235902D00054997A /* defn.h */,
				45E48E372359102D0054997A /* details-1950.csv */,
				45E48E39235912EA0054997A /* details-1951.csv */,
				45E48E3B235912EA0054997A /* details-1952.csv */,
				45E48E3A235912EA0054997A /* fatalities-1950.csv */,
				45E48E3C235912EA0054997A /* fatalities-1951.csv */,
				45E48E38235912EA0054997A /* fatalities-1952.csv */,
			);
			path = Project2;
			sourceTree = "<group>";
		};
/* End PBXGroup section */

/* Begin PBXNativeTarget section */
		45E48E29235902760054997A /* Project2 */ = {
			isa = PBXNativeTarget;
			buildConfigurationList = 45E48E31235902760054997A /* Build configuration list for PBXNativeTarget "Project2" */;
			buildPhases = (
				45E48E26235902760054997A /* Sources */,
				45E48E27235902760054997A /* Frameworks */,
				45E48E28235902760054997A /* CopyFiles */,
			);
			buildRules = (
			);
			dependencies = (
			);
			name = Project2;
			productName = Project2;
			productReference = 45E48E2A235902760054997A /* Project2 */;
			productType = "com.apple.product-type.tool";
		};
/* End PBXNativeTarget section */

/* Begin PBXProject section */
		45E48E22235902760054997A /* Project object */ = {
			isa = PBXProject;
			attributes = {
				LastUpgradeCheck = 1030;
				ORGANIZATIONNAME = ASU;
				TargetAttributes = {
					45E48E29235902760054997A = {
						CreatedOnToolsVersion = 10.3;
					};
				};
			};
			buildConfigurationList = 45E48E25235902760054997A /* Build configuration list for PBXProject "Project2" */;
			compatibilityVersion = "Xcode 9.3";
			developmentRegion = en;
			hasScannedForEncodings = 0;
			knownRegions = (
				en,
			);
			mainGroup = 45E48E21235902760054997A;
			productRefGroup = 45E48E2B235902760054997A /* Products */;
			projectDirPath = "";
			projectRoot = "";
			targets = (
				45E48E29235902760054997A /* Project2 */,
			);
		};
/* End PBXProject section */

/* Begin PBXSourcesBuildPhase section */
		45E48E26235902760054997A /* Sources */ = {
			isa = PBXSourcesBuildPhase;
			buildActionMask = 2147483647;
			files = (
				45E48E2E235902760054997A /* storm.cpp in Sources */,
			);
			runOnlyForDeploymentPostprocessing = 0;
		};
/* End PBXSourcesBuildPhase section */

/* Begin XCBuildConfiguration section */
		45E48E2F235902760054997A /* Debug */ = {
			isa = XCBuildConfiguration;
			buildSettings = {
				ALWAYS_SEARCH_USER_PATHS = NO;
				CLANG_ANALYZER_NONNULL = YES;
				CLANG_ANALYZER_NUMBER_OBJECT_CONVERSION = YES_AGGRESSIVE;
				CLANG_CXX_LANGUAGE_STANDARD = "gnu++14";
				CLANG_CXX_LIBRARY = "libc++";
				CLANG_ENABLE_MODULES = YES;
				CLANG_ENABLE_OBJC_ARC = YES;
				CLANG_ENABLE_OBJC_WEAK = YES;
				CLANG_WARN_BLOCK_CAPTURE_AUTORELEASING = YES;
				CLANG_WARN_BOOL_CONVERSION = YES;
				CLANG_WARN_COMMA = YES;
				CLANG_WARN_CONSTANT_CONVERSION = YES;
				CLANG_WARN_DEPRECATED_OBJC_IMPLEMENTATIONS = YES;
				CLANG_WARN_DIRECT_OBJC_ISA_USAGE = YES_ERROR;
				CLANG_WARN_DOCUMENTATION_COMMENTS = YES;
				CLANG_WARN_EMPTY_BODY = YES;
				CLANG_WARN_ENUM_CONVERSION = YES;
				CLANG_WARN_INFINITE_RECURSION = YES;
				CLANG_WARN_INT_CONVERSION = YES;
				CLANG_WARN_NON_LITERAL_NULL_CONVERSION = YES;
				CLANG_WARN_OBJC_IMPLICIT_RETAIN_SELF = YES;
				CLANG_WARN_OBJC_LITERAL_CONVERSION = YES;
				CLANG_WARN_OBJC_ROOT_CLASS = YES_ERROR;
				CLANG_WARN_RANGE_LOOP_ANALYSIS = YES;
				CLANG_WARN_STRICT_PROTOTYPES = YES;
				CLANG_WARN_SUSPICIOUS_MOVE = YES;
				CLANG_WARN_UNGUARDED_AVAILABILITY = YES_AGGRESSIVE;
				CLANG_WARN_UNREACHABLE_CODE = YES;
				CLANG_WARN__DUPLICATE_METHOD_MATCH = YES;
				CODE_SIGN_IDENTITY = "-";
				COPY_PHASE_STRIP = NO;
				DEBUG_INFORMATION_FORMAT = dwarf;
				ENABLE_STRICT_OBJC_MSGSEND = YES;
				ENABLE_TESTABILITY = YES;
				GCC_C_LANGUAGE_STANDARD = gnu11;
				GCC_DYNAMIC_NO_PIC = NO;
				GCC_NO_COMMON_BLOCKS = YES;
				GCC_OPTIMIZATION_LEVEL = 0;
				GCC_PREPROCESSOR_DEFINITIONS = (
					"DEBUG=1",
					"$(inherited)",
				);
				GCC_WARN_64_TO_32_BIT_CONVERSION = YES;
				GCC_WARN_ABOUT_RETURN_TYPE = YES_ERROR;
				GCC_WARN_UNDECLARED_SELECTOR = YES;
				GCC_WARN_UNINITIALIZED_AUTOS = YES_AGGRESSIVE;
				GCC_WARN_UNUSED_FUNCTION = YES;
				GCC_WARN_UNUSED_VARIABLE = YES;
				MACOSX_DEPLOYMENT_TARGET = 10.14;
				MTL_ENABLE_DEBUG_INFO = INCLUDE_SOURCE;
				MTL_FAST_MATH = YES;
				ONLY_ACTIVE_ARCH = YES;
				SDKROOT = macosx;
			};
			name = Debug;
		};
		45E48E30235902760054997A /* Release */ = {
			isa = XCBuildConfiguration;
			buildSettings = {
				ALWAYS_SEARCH_USER_PATHS = NO;
				CLANG_ANALYZER_NONNULL = YES;
				CLANG_ANALYZER_NUMBER_OBJECT_CONVERSION = YES_AGGRESSIVE;
				CLANG_CXX_LANGUAGE_STANDARD = "gnu++14";
				CLANG_CXX_LIBRARY = "libc++";
				CLANG_ENABLE_MODULES = YES;
				CLANG_ENABLE_OBJC_ARC = YES;
				CLANG_ENABLE_OBJC_WEAK = YES;
				CLANG_WARN_BLOCK_CAPTURE_AUTORELEASING = YES;
				CLANG_WARN_BOOL_CONVERSION = YES;
				CLANG_WARN_COMMA = YES;
				CLANG_WARN_CONSTANT_CONVERSION = YES;
				CLANG_WARN_DEPRECATED_OBJC_IMPLEMENTATIONS = YES;
				CLANG_WARN_DIRECT_OBJC_ISA_USAGE = YES_ERROR;
				CLANG_WARN_DOCUMENTATION_COMMENTS = YES;
				CLANG_WARN_EMPTY_BODY = YES;
				CLANG_WARN_ENUM_CONVERSION = YES;
				CLANG_WARN_INFINITE_RECURSION = YES;
				CLANG_WARN_INT_CONVERSION = YES;
				CLANG_WARN_NON_LITERAL_NULL_CONVERSION = YES;
				CLANG_WARN_OBJC_IMPLICIT_RETAIN_SELF = YES;
				CLANG_WARN_OBJC_LITERAL_CONVERSION = YES;
				CLANG_WARN_OBJC_ROOT_CLASS = YES_ERROR;
				CLANG_WARN_RANGE_LOOP_ANALYSIS = YES;
				CLANG_WARN_STRICT_PROTOTYPES = YES;
				CLANG_WARN_SUSPICIOUS_MOVE = YES;
				CLANG_WARN_UNGUARDED_AVAILABILITY = YES_AGGRESSIVE;
				CLANG_WARN_UNREACHABLE_CODE = YES;
				CLANG_WARN__DUPLICATE_METHOD_MATCH = YES;
				CODE_SIGN_IDENTITY = "-";
				COPY_PHASE_STRIP = NO;
				DEBUG_INFORMATION_FORMAT = "dwarf-with-dsym";
				ENABLE_NS_ASSERTIONS = NO;
				ENABLE_STRICT_OBJC_MSGSEND = YES;
				GCC_C_LANGUAGE_STANDARD = gnu11;
				GCC_NO_COMMON_BLOCKS = YES;
				GCC_WARN_64_TO_32_BIT_CONVERSION = YES;
				GCC_WARN_ABOUT_RETURN_TYPE = YES_ERROR;
				GCC_WARN_UNDECLARED_SELECTOR = YES;
				GCC_WARN_UNINITIALIZED_AUTOS = YES_AGGRESSIVE;
				GCC_WARN_UNUSED_FUNCTION = YES;
				GCC_WARN_UNUSED_VARIABLE = YES;
				MACOSX_DEPLOYMENT_TARGET = 10.14;
				MTL_ENABLE_DEBUG_INFO = NO;
				MTL_FAST_MATH = YES;
				SDKROOT = macosx;
			};
			name = Release;
		};
		45E48E32235902760054997A /* Debug */ = {
			isa = XCBuildConfiguration;
			buildSettings = {
				CODE_SIGN_STYLE = Automatic;
				PRODUCT_NAME = "$(TARGET_NAME)";
			};
			name = Debug;
		};
		45E48E33235902760054997A /* Release */ = {
			isa = XCBuildConfiguration;
			buildSettings = {
				CODE_SIGN_STYLE = Automatic;
				PRODUCT_NAME = "$(TARGET_NAME)";
			};
			name = Release;
		};
/* End XCBuildConfiguration section */

/* Begin XCConfigurationList section */
		45E48E25235902760054997A /* Build configuration list for PBXProject "Project2" */ = {
			isa = XCConfigurationList;
			buildConfigurations = (
				45E48E2F235902760054997A /* Debug */,
				45E48E30235902760054997A /* Release */,
			);
			defaultConfigurationIsVisible = 0;
			defaultConfigurationName = Release;
		};
		45E48E31235902760054997A /* Build configuration list for PBXNativeTarget "Project2" */ = {
			isa = XCConfigurationList;
			buildConfigurations = (
				45E48E32235902760054997A /* Debug */,
				45E48E33235902760054997A /* Release */,
			);
			defaultConfigurationIsVisible = 0;
			defaultConfigurationName = Release;
		};
/* End XCConfigurationList section */
	};
	rootObject = 45E48E22235902760054997A /* Project object */;
}
